
Microsoft Visual Studio Solution File, Format Version 12.00
# Visual Studio Version 17
VisualStudioVersion = 17.14.36203.30 d17.14
MinimumVisualStudioVersion = 10.0.40219.1
Project("{8BC9CEB8-8B4A-11D0-8D11-00A0C91BC942}") = "ADAS", "ADAS.vcxproj", "{056ECA44-EF42-DBE1-F770-734011417EF1}"
EndProject
Global
	GlobalSection(SolutionConfigurationPlatforms) = preSolution
		Debug|x64 = Debug|x64
		Debug|x86 = Debug|x86
		Release|x64 = Release|x64
		Release|x86 = Release|x86
	EndGlobalSection
	GlobalSection(ProjectConfigurationPlatforms) = postSolution
		{056ECA44-EF42-DBE1-F770-734011417EF1}.Debug|x64.ActiveCfg = Debug|x64
		{056ECA44-EF42-DBE1-F770-734011417EF1}.Debug|x64.Build.0 = Debug|x64
		{056ECA44-EF42-DBE1-F770-734011417EF1}.Debug|x86.ActiveCfg = Debug|Win32
		{056ECA44-EF42-DBE1-F770-734011417EF1}.Debug|x86.Build.0 = Debug|Win32
		{056ECA44-EF42-DBE1-F770-734011417EF1}.Release|x64.ActiveCfg = Release|x64
		{056ECA44-EF42-DBE1-F770-734011417EF1}.Release|x64.Build.0 = Release|x64
		{056ECA44-EF42-DBE1-F770-734011417EF1}.Release|x86.ActiveCfg = Release|Win32
		{056ECA44-EF42-DBE1-F770-734011417EF1}.Release|x86.Build.0 = Release|Win32
	EndGlobalSection
	GlobalSection(SolutionProperties) = preSolution
		HideSolutionNode = FALSE
	EndGlobalSection
	GlobalSection(ExtensibilityGlobals) = postSolution
		SolutionGuid = {9E12D9EB-A424-4EA5-BF36-B9C5258B0236}
	EndGlobalSection
EndGlobal
